// !$*UTF8*$!
{
	archiveVersion = 1;
	classes = {
	};
	objectVersion = 48;
	objects = {

/* Begin PBXBuildFile section */
		0F963149C85C04C85DD9136F /* Pods_ImgDownload.framework in Frameworks */ = {isa = PBXBuildFile; fileRef = 3695D6E04DFBA6DB12BF13D9 /* Pods_ImgDownload.framework */; };
		1425D08E20346FC6000085A7 /* AppDelegate.swift in Sources */ = {isa = PBXBuildFile; fileRef = 1425D08D20346FC6000085A7 /* AppDelegate.swift */; };
		1425D09020346FC6000085A7 /* ViewController.swift in Sources */ = {isa = PBXBuildFile; fileRef = 1425D08F20346FC6000085A7 /* ViewController.swift */; };
		1425D09320346FC6000085A7 /* Main.storyboard in Resources */ = {isa = PBXBuildFile; fileRef = 1425D09120346FC6000085A7 /* Main.storyboard */; };
		1425D09520346FC6000085A7 /* Assets.xcassets in Resources */ = {isa = PBXBuildFile; fileRef = 1425D09420346FC6000085A7 /* Assets.xcassets */; };
		1425D09820346FC6000085A7 /* LaunchScreen.storyboard in Resources */ = {isa = PBXBuildFile; fileRef = 1425D09620346FC6000085A7 /* LaunchScreen.storyboard */; };
		1486BE41203B067E00BA072B /* String+SHA1.swift in Sources */ = {isa = PBXBuildFile; fileRef = 1486BE40203B067E00BA072B /* String+SHA1.swift */; };
		1486BE43203B07A000BA072B /* GetImage.swift in Sources */ = {isa = PBXBuildFile; fileRef = 1486BE42203B07A000BA072B /* GetImage.swift */; };
		1486BE45203B0C4100BA072B /* View+GetImageDelegate.swift in Sources */ = {isa = PBXBuildFile; fileRef = 1486BE44203B0C4100BA072B /* View+GetImageDelegate.swift */; };
		1486BE47203B1B9800BA072B /* View+AlertController.swift in Sources */ = {isa = PBXBuildFile; fileRef = 1486BE46203B1B9800BA072B /* View+AlertController.swift */; };
		1486BE49203B89CE00BA072B /* View+UIConfig.swift in Sources */ = {isa = PBXBuildFile; fileRef = 1486BE48203B89CD00BA072B /* View+UIConfig.swift */; };
/* End PBXBuildFile section */

/* Begin PBXFileReference section */
		1425D08A20346FC6000085A7 /* ImgDownload.app */ = {isa = PBXFileReference; explicitFileType = wrapper.application; includeInIndex = 0; path = ImgDownload.app; sourceTree = BUILT_PRODUCTS_DIR; };
		1425D08D20346FC6000085A7 /* AppDelegate.swift */ = {isa = PBXFileReference; lastKnownFileType = sourcecode.swift; path = AppDelegate.swift; sourceTree = "<group>"; };
		1425D08F20346FC6000085A7 /* ViewController.swift */ = {isa = PBXFileReference; lastKnownFileType = sourcecode.swift; path = ViewController.swift; sourceTree = "<group>"; };
		1425D09220346FC6000085A7 /* Base */ = {isa = PBXFileReference; lastKnownFileType = file.storyboard; name = Base; path = Base.lproj/Main.storyboard; sourceTree = "<group>"; };
		1425D09420346FC6000085A7 /* Assets.xcassets */ = {isa = PBXFileReference; lastKnownFileType = folder.assetcatalog; path = Assets.xcassets; sourceTree = "<group>"; };
		1425D09720346FC6000085A7 /* Base */ = {isa = PBXFileReference; lastKnownFileType = file.storyboard; name = Base; path = Base.lproj/LaunchScreen.storyboard; sourceTree = "<group>"; };
		1425D09920346FC6000085A7 /* Info.plist */ = {isa = PBXFileReference; lastKnownFileType = text.plist.xml; path = Info.plist; sourceTree = "<group>"; };
		1425D09F20348F99000085A7 /* ImgDownload-Bridging-Header.h */ = {isa = PBXFileReference; lastKnownFileType = sourcecode.c.h; path = "ImgDownload-Bridging-Header.h"; sourceTree = "<group>"; };
		1486BE40203B067E00BA072B /* String+SHA1.swift */ = {isa = PBXFileReference; lastKnownFileType = sourcecode.swift; path = "String+SHA1.swift"; sourceTree = "<group>"; };
		1486BE42203B07A000BA072B /* GetImage.swift */ = {isa = PBXFileReference; lastKnownFileType = sourcecode.swift; path = GetImage.swift; sourceTree = "<group>"; };
		1486BE44203B0C4100BA072B /* View+GetImageDelegate.swift */ = {isa = PBXFileReference; lastKnownFileType = sourcecode.swift; path = "View+GetImageDelegate.swift"; sourceTree = "<group>"; };
		1486BE46203B1B9800BA072B /* View+AlertController.swift */ = {isa = PBXFileReference; lastKnownFileType = sourcecode.swift; path = "View+AlertController.swift"; sourceTree = "<group>"; };
		1486BE48203B89CD00BA072B /* View+UIConfig.swift */ = {isa = PBXFileReference; lastKnownFileType = sourcecode.swift; path = "View+UIConfig.swift"; sourceTree = "<group>"; };
		3695D6E04DFBA6DB12BF13D9 /* Pods_ImgDownload.framework */ = {isa = PBXFileReference; explicitFileType = wrapper.framework; includeInIndex = 0; path = Pods_ImgDownload.framework; sourceTree = BUILT_PRODUCTS_DIR; };
		3D84A3FB77F5F7EB46196616 /* Pods-ImgDownload.debug.xcconfig */ = {isa = PBXFileReference; includeInIndex = 1; lastKnownFileType = text.xcconfig; name = "Pods-ImgDownload.debug.xcconfig"; path = "Pods/Target Support Files/Pods-ImgDownload/Pods-ImgDownload.debug.xcconfig"; sourceTree = "<group>"; };
		78E3A24B7FC8DA2DE0760A4A /* Pods-ImgDownload.release.xcconfig */ = {isa = PBXFileReference; includeInIndex = 1; lastKnownFileType = text.xcconfig; name = "Pods-ImgDownload.release.xcconfig"; path = "Pods/Target Support Files/Pods-ImgDownload/Pods-ImgDownload.release.xcconfig"; sourceTree = "<group>"; };
/* End PBXFileReference section */

/* Begin PBXFrameworksBuildPhase section */
		1425D08720346FC6000085A7 /* Frameworks */ = {
			isa = PBXFrameworksBuildPhase;
			buildActionMask = 2147483647;
			files = (
				0F963149C85C04C85DD9136F /* Pods_ImgDownload.framework in Frameworks */,
			);
			runOnlyForDeploymentPostprocessing = 0;
		};
/* End PBXFrameworksBuildPhase section */

/* Begin PBXGroup section */
		1425D08120346FC6000085A7 = {
			isa = PBXGroup;
			children = (
				1425D09F20348F99000085A7 /* ImgDownload-Bridging-Header.h */,
				1425D08C20346FC6000085A7 /* ImgDownload */,
				1425D08B20346FC6000085A7 /* Products */,
				42215A25BD697F18D6658C97 /* Pods */,
				FEB1629FD55C649FDE21A49B /* Frameworks */,
			);
			sourceTree = "<group>";
		};
		1425D08B20346FC6000085A7 /* Products */ = {
			isa = PBXGroup;
			children = (
				1425D08A20346FC6000085A7 /* ImgDownload.app */,
			);
			name = Products;
			sourceTree = "<group>";
		};
		1425D08C20346FC6000085A7 /* ImgDownload */ = {
			isa = PBXGroup;
			children = (
				1425D08D20346FC6000085A7 /* AppDelegate.swift */,
				1486BE3E2036661A00BA072B /* Controller */,
				1486BE3D2036660F00BA072B /* View */,
				1486BE3F2036662400BA072B /* Supporting files */,
				1425D09920346FC6000085A7 /* Info.plist */,
			);
			path = ImgDownload;
			sourceTree = "<group>";
		};
		1486BE3D2036660F00BA072B /* View */ = {
			isa = PBXGroup;
			children = (
				1425D09120346FC6000085A7 /* Main.storyboard */,
				1425D09620346FC6000085A7 /* LaunchScreen.storyboard */,
			);
			path = View;
			sourceTree = "<group>";
		};
		1486BE3E2036661A00BA072B /* Controller */ = {
			isa = PBXGroup;
			children = (
				1425D08F20346FC6000085A7 /* ViewController.swift */,
				1486BE42203B07A000BA072B /* GetImage.swift */,
				1486BE48203B89CD00BA072B /* View+UIConfig.swift */,
				1486BE44203B0C4100BA072B /* View+GetImageDelegate.swift */,
				1486BE46203B1B9800BA072B /* View+AlertController.swift */,
				1486BE40203B067E00BA072B /* String+SHA1.swift */,
			);
			path = Controller;
			sourceTree = "<group>";
		};
		1486BE3F2036662400BA072B /* Supporting files */ = {
			isa = PBXGroup;
			children = (
				1425D09420346FC6000085A7 /* Assets.xcassets */,
			);
			path = "Supporting files";
			sourceTree = "<group>";
		};
		42215A25BD697F18D6658C97 /* Pods */ = {
			isa = PBXGroup;
			children = (
				3D84A3FB77F5F7EB46196616 /* Pods-ImgDownload.debug.xcconfig */,
				78E3A24B7FC8DA2DE0760A4A /* Pods-ImgDownload.release.xcconfig */,
			);
			name = Pods;
			sourceTree = "<group>";
		};
		FEB1629FD55C649FDE21A49B /* Frameworks */ = {
			isa = PBXGroup;
			children = (
				3695D6E04DFBA6DB12BF13D9 /* Pods_ImgDownload.framework */,
			);
			name = Frameworks;
			sourceTree = "<group>";
		};
/* End PBXGroup section */

/* Begin PBXNativeTarget section */
		1425D08920346FC6000085A7 /* ImgDownload */ = {
			isa = PBXNativeTarget;
			buildConfigurationList = 1425D09C20346FC6000085A7 /* Build configuration list for PBXNativeTarget "ImgDownload" */;
			buildPhases = (
				E522661CAE5349391481230C /* [CP] Check Pods Manifest.lock */,
				1425D08620346FC6000085A7 /* Sources */,
				1425D08720346FC6000085A7 /* Frameworks */,
				1425D08820346FC6000085A7 /* Resources */,
				73BEDAE3EA5536912B92B529 /* [CP] Embed Pods Frameworks */,
				936ED25B3CA728463FCF3083 /* [CP] Copy Pods Resources */,
			);
			buildRules = (
			);
			dependencies = (
			);
			name = ImgDownload;
			productName = ImgDownload;
			productReference = 1425D08A20346FC6000085A7 /* ImgDownload.app */;
			productType = "com.apple.product-type.application";
		};
/* End PBXNativeTarget section */

/* Begin PBXProject section */
		1425D08220346FC6000085A7 /* Project object */ = {
			isa = PBXProject;
			attributes = {
				LastSwiftUpdateCheck = 0920;
				LastUpgradeCheck = 0920;
				ORGANIZATIONNAME = "Jan Moravek";
				TargetAttributes = {
					1425D08920346FC6000085A7 = {
						CreatedOnToolsVersion = 9.2;
						ProvisioningStyle = Automatic;
					};
				};
			};
			buildConfigurationList = 1425D08520346FC6000085A7 /* Build configuration list for PBXProject "ImgDownload" */;
			compatibilityVersion = "Xcode 8.0";
			developmentRegion = en;
			hasScannedForEncodings = 0;
			knownRegions = (
				en,
				Base,
			);
			mainGroup = 1425D08120346FC6000085A7;
			productRefGroup = 1425D08B20346FC6000085A7 /* Products */;
			projectDirPath = "";
			projectRoot = "";
			targets = (
				1425D08920346FC6000085A7 /* ImgDownload */,
			);
		};
/* End PBXProject section */

/* Begin PBXResourcesBuildPhase section */
		1425D08820346FC6000085A7 /* Resources */ = {
			isa = PBXResourcesBuildPhase;
			buildActionMask = 2147483647;
			files = (
				1425D09820346FC6000085A7 /* LaunchScreen.storyboard in Resources */,
				1425D09520346FC6000085A7 /* Assets.xcassets in Resources */,
				1425D09320346FC6000085A7 /* Main.storyboard in Resources */,
			);
			runOnlyForDeploymentPostprocessing = 0;
		};
/* End PBXResourcesBuildPhase section */

/* Begin PBXShellScriptBuildPhase section */
		73BEDAE3EA5536912B92B529 /* [CP] Embed Pods Frameworks */ = {
			isa = PBXShellScriptBuildPhase;
			buildActionMask = 2147483647;
			files = (
			);
			inputPaths = (
				"${SRCROOT}/Pods/Target Support Files/Pods-ImgDownload/Pods-ImgDownload-frameworks.sh",
				"${BUILT_PRODUCTS_DIR}/PKHUD/PKHUD.framework",
			);
			name = "[CP] Embed Pods Frameworks";
			outputPaths = (
				"${TARGET_BUILD_DIR}/${FRAMEWORKS_FOLDER_PATH}/PKHUD.framework",
			);
			runOnlyForDeploymentPostprocessing = 0;
			shellPath = /bin/sh;
			shellScript = "\"${SRCROOT}/Pods/Target Support Files/Pods-ImgDownload/Pods-ImgDownload-frameworks.sh\"\n";
			showEnvVarsInLog = 0;
		};
		936ED25B3CA728463FCF3083 /* [CP] Copy Pods Resources */ = {
			isa = PBXShellScriptBuildPhase;
			buildActionMask = 2147483647;
			files = (
			);
			inputPaths = (
			);
			name = "[CP] Copy Pods Resources";
			outputPaths = (
			);
			runOnlyForDeploymentPostprocessing = 0;
			shellPath = /bin/sh;
			shellScript = "\"${SRCROOT}/Pods/Target Support Files/Pods-ImgDownload/Pods-ImgDownload-resources.sh\"\n";
			showEnvVarsInLog = 0;
		};
		E522661CAE5349391481230C /* [CP] Check Pods Manifest.lock */ = {
			isa = PBXShellScriptBuildPhase;
			buildActionMask = 2147483647;
			files = (
			);
			inputPaths = (
				"${PODS_PODFILE_DIR_PATH}/Podfile.lock",
				"${PODS_ROOT}/Manifest.lock",
			);
			name = "[CP] Check Pods Manifest.lock";
			outputPaths = (
				"$(DERIVED_FILE_DIR)/Pods-ImgDownload-checkManifestLockResult.txt",
			);
			runOnlyForDeploymentPostprocessing = 0;
			shellPath = /bin/sh;
			shellScript = "diff \"${PODS_PODFILE_DIR_PATH}/Podfile.lock\" \"${PODS_ROOT}/Manifest.lock\" > /dev/null\nif [ $? != 0 ] ; then\n    # print error to STDERR\n    echo \"error: The sandbox is not in sync with the Podfile.lock. Run 'pod install' or update your CocoaPods installation.\" >&2\n    exit 1\nfi\n# This output is used by Xcode 'outputs' to avoid re-running this script phase.\necho \"SUCCESS\" > \"${SCRIPT_OUTPUT_FILE_0}\"\n";
			showEnvVarsInLog = 0;
		};
/* End PBXShellScriptBuildPhase section */

/* Begin PBXSourcesBuildPhase section */
		1425D08620346FC6000085A7 /* Sources */ = {
			isa = PBXSourcesBuildPhase;
			buildActionMask = 2147483647;
			files = (
				1486BE43203B07A000BA072B /* GetImage.swift in Sources */,
				1486BE49203B89CE00BA072B /* View+UIConfig.swift in Sources */,
				1425D09020346FC6000085A7 /* ViewController.swift in Sources */,
				1486BE41203B067E00BA072B /* String+SHA1.swift in Sources */,
				1425D08E20346FC6000085A7 /* AppDelegate.swift in Sources */,
				1486BE47203B1B9800BA072B /* View+AlertController.swift in Sources */,
				1486BE45203B0C4100BA072B /* View+GetImageDelegate.swift in Sources */,
			);
			runOnlyForDeploymentPostprocessing = 0;
		};
/* End PBXSourcesBuildPhase section */

/* Begin PBXVariantGroup section */
		1425D09120346FC6000085A7 /* Main.storyboard */ = {
			isa = PBXVariantGroup;
			children = (
				1425D09220346FC6000085A7 /* Base */,
			);
			name = Main.storyboard;
			sourceTree = "<group>";
		};
		1425D09620346FC6000085A7 /* LaunchScreen.storyboard */ = {
			isa = PBXVariantGroup;
			children = (
				1425D09720346FC6000085A7 /* Base */,
			);
			name = LaunchScreen.storyboard;
			sourceTree = "<group>";
		};
/* End PBXVariantGroup section */

/* Begin XCBuildConfiguration section */
		1425D09A20346FC6000085A7 /* Debug */ = {
			isa = XCBuildConfiguration;
			buildSettings = {
				ALWAYS_SEARCH_USER_PATHS = NO;
				CLANG_ANALYZER_NONNULL = YES;
				CLANG_ANALYZER_NUMBER_OBJECT_CONVERSION = YES_AGGRESSIVE;
				CLANG_CXX_LANGUAGE_STANDARD = "gnu++14";
				CLANG_CXX_LIBRARY = "libc++";
				CLANG_ENABLE_MODULES = YES;
				CLANG_ENABLE_OBJC_ARC = YES;
				CLANG_WARN_BLOCK_CAPTURE_AUTORELEASING = YES;
				CLANG_WARN_BOOL_CONVERSION = YES;
				CLANG_WARN_COMMA = YES;
				CLANG_WARN_CONSTANT_CONVERSION = YES;
				CLANG_WARN_DIRECT_OBJC_ISA_USAGE = YES_ERROR;
				CLANG_WARN_DOCUMENTATION_COMMENTS = YES;
				CLANG_WARN_EMPTY_BODY = YES;
				CLANG_WARN_ENUM_CONVERSION = YES;
				CLANG_WARN_INFINITE_RECURSION = YES;
				CLANG_WARN_INT_CONVERSION = YES;
				CLANG_WARN_NON_LITERAL_NULL_CONVERSION = YES;
				CLANG_WARN_OBJC_LITERAL_CONVERSION = YES;
				CLANG_WARN_OBJC_ROOT_CLASS = YES_ERROR;
				CLANG_WARN_RANGE_LOOP_ANALYSIS = YES;
				CLANG_WARN_STRICT_PROTOTYPES = YES;
				CLANG_WARN_SUSPICIOUS_MOVE = YES;
				CLANG_WARN_UNGUARDED_AVAILABILITY = YES_AGGRESSIVE;
				CLANG_WARN_UNREACHABLE_CODE = YES;
				CLANG_WARN__DUPLICATE_METHOD_MATCH = YES;
				CODE_SIGN_IDENTITY = "iPhone Developer";
				COPY_PHASE_STRIP = NO;
				DEBUG_INFORMATION_FORMAT = dwarf;
				ENABLE_STRICT_OBJC_MSGSEND = YES;
				ENABLE_TESTABILITY = YES;
				GCC_C_LANGUAGE_STANDARD = gnu11;
				GCC_DYNAMIC_NO_PIC = NO;
				GCC_NO_COMMON_BLOCKS = YES;
				GCC_OPTIMIZATION_LEVEL = 0;
				GCC_PREPROCESSOR_DEFINITIONS = (
					"DEBUG=1",
					"$(inherited)",
				);
				GCC_WARN_64_TO_32_BIT_CONVERSION = YES;
				GCC_WARN_ABOUT_RETURN_TYPE = YES_ERROR;
				GCC_WARN_UNDECLARED_SELECTOR = YES;
				GCC_WARN_UNINITIALIZED_AUTOS = YES_AGGRESSIVE;
				GCC_WARN_UNUSED_FUNCTION = YES;
				GCC_WARN_UNUSED_VARIABLE = YES;
				IPHONEOS_DEPLOYMENT_TARGET = 11.2;
				MTL_ENABLE_DEBUG_INFO = YES;
				ONLY_ACTIVE_ARCH = YES;
				SDKROOT = iphoneos;
				SWIFT_ACTIVE_COMPILATION_CONDITIONS = DEBUG;
				SWIFT_OBJC_BRIDGING_HEADER = "ImgDownload-Bridging-Header.h";
				SWIFT_OPTIMIZATION_LEVEL = "-Onone";
			};
			name = Debug;
		};
		1425D09B20346FC6000085A7 /* Release */ = {
			isa = XCBuildConfiguration;
			buildSettings = {
				ALWAYS_SEARCH_USER_PATHS = NO;
				CLANG_ANALYZER_NONNULL = YES;
				CLANG_ANALYZER_NUMBER_OBJECT_CONVERSION = YES_AGGRESSIVE;
				CLANG_CXX_LANGUAGE_STANDARD = "gnu++14";
				CLANG_CXX_LIBRARY = "libc++";
				CLANG_ENABLE_MODULES = YES;
				CLANG_ENABLE_OBJC_ARC = YES;
				CLANG_WARN_BLOCK_CAPTURE_AUTORELEASING = YES;
				CLANG_WARN_BOOL_CONVERSION = YES;
				CLANG_WARN_COMMA = YES;
				CLANG_WARN_CONSTANT_CONVERSION = YES;
				CLANG_WARN_DIRECT_OBJC_ISA_USAGE = YES_ERROR;
				CLANG_WARN_DOCUMENTATION_COMMENTS = YES;
				CLANG_WARN_EMPTY_BODY = YES;
				CLANG_WARN_ENUM_CONVERSION = YES;
				CLANG_WARN_INFINITE_RECURSION = YES;
				CLANG_WARN_INT_CONVERSION = YES;
				CLANG_WARN_NON_LITERAL_NULL_CONVERSION = YES;
				CLANG_WARN_OBJC_LITERAL_CONVERSION = YES;
				CLANG_WARN_OBJC_ROOT_CLASS = YES_ERROR;
				CLANG_WARN_RANGE_LOOP_ANALYSIS = YES;
				CLANG_WARN_STRICT_PROTOTYPES = YES;
				CLANG_WARN_SUSPICIOUS_MOVE = YES;
				CLANG_WARN_UNGUARDED_AVAILABILITY = YES_AGGRESSIVE;
				CLANG_WARN_UNREACHABLE_CODE = YES;
				CLANG_WARN__DUPLICATE_METHOD_MATCH = YES;
				CODE_SIGN_IDENTITY = "iPhone Developer";
				COPY_PHASE_STRIP = NO;
				DEBUG_INFORMATION_FORMAT = "dwarf-with-dsym";
				ENABLE_NS_ASSERTIONS = NO;
				ENABLE_STRICT_OBJC_MSGSEND = YES;
				GCC_C_LANGUAGE_STANDARD = gnu11;
				GCC_NO_COMMON_BLOCKS = YES;
				GCC_WARN_64_TO_32_BIT_CONVERSION = YES;
				GCC_WARN_ABOUT_RETURN_TYPE = YES_ERROR;
				GCC_WARN_UNDECLARED_SELECTOR = YES;
				GCC_WARN_UNINITIALIZED_AUTOS = YES_AGGRESSIVE;
				GCC_WARN_UNUSED_FUNCTION = YES;
				GCC_WARN_UNUSED_VARIABLE = YES;
				IPHONEOS_DEPLOYMENT_TARGET = 11.2;
				MTL_ENABLE_DEBUG_INFO = NO;
				SDKROOT = iphoneos;
				SWIFT_OBJC_BRIDGING_HEADER = "ImgDownload-Bridging-Header.h";
				SWIFT_OPTIMIZATION_LEVEL = "-Owholemodule";
				VALIDATE_PRODUCT = YES;
			};
			name = Release;
		};
		1425D09D20346FC6000085A7 /* Debug */ = {
			isa = XCBuildConfiguration;
			baseConfigurationReference = 3D84A3FB77F5F7EB46196616 /* Pods-ImgDownload.debug.xcconfig */;
			buildSettings = {
				ASSETCATALOG_COMPILER_APPICON_NAME = AppIcon;
				CODE_SIGN_STYLE = Automatic;
				DEVELOPMENT_TEAM = 3PCT2K2AJ7;
				INFOPLIST_FILE = ImgDownload/Info.plist;
				LD_RUNPATH_SEARCH_PATHS = "$(inherited) @executable_path/Frameworks";
				PRODUCT_BUNDLE_IDENTIFIER = com.JanMoravek.ImgDownload;
				PRODUCT_NAME = "$(TARGET_NAME)";
				SWIFT_VERSION = 4.0;
				TARGETED_DEVICE_FAMILY = "1,2";
			};
			name = Debug;
		};
		1425D09E20346FC6000085A7 /* Release */ = {
			isa = XCBuildConfiguration;
			baseConfigurationReference = 78E3A24B7FC8DA2DE0760A4A /* Pods-ImgDownload.release.xcconfig */;
			buildSettings = {
				ASSETCATALOG_COMPILER_APPICON_NAME = AppIcon;
				CODE_SIGN_STYLE = Automatic;
				DEVELOPMENT_TEAM = 3PCT2K2AJ7;
				INFOPLIST_FILE = ImgDownload/Info.plist;
				LD_RUNPATH_SEARCH_PATHS = "$(inherited) @executable_path/Frameworks";
				PRODUCT_BUNDLE_IDENTIFIER = com.JanMoravek.ImgDownload;
				PRODUCT_NAME = "$(TARGET_NAME)";
				SWIFT_VERSION = 4.0;
				TARGETED_DEVICE_FAMILY = "1,2";
			};
			name = Release;
		};
/* End XCBuildConfiguration section */

/* Begin XCConfigurationList section */
		1425D08520346FC6000085A7 /* Build configuration list for PBXProject "ImgDownload" */ = {
			isa = XCConfigurationList;
			buildConfigurations = (
				1425D09A20346FC6000085A7 /* Debug */,
				1425D09B20346FC6000085A7 /* Release */,
			);
			defaultConfigurationIsVisible = 0;
			defaultConfigurationName = Release;
		};
		1425D09C20346FC6000085A7 /* Build configuration list for PBXNativeTarget "ImgDownload" */ = {
			isa = XCConfigurationList;
			buildConfigurations = (
				1425D09D20346FC6000085A7 /* Debug */,
				1425D09E20346FC6000085A7 /* Release */,
			);
			defaultConfigurationIsVisible = 0;
			defaultConfigurationName = Release;
		};
/* End XCConfigurationList section */
	};
	rootObject = 1425D08220346FC6000085A7 /* Project object */;
}
